<?xml version="1.0" encoding="utf-8"?>
<Project ToolsVersion="4.0" xmlns="http://schemas.microsoft.com/developer/msbuild/2003">
  <ItemGroup>
    <Filter Include="MGE Source files">
      <UniqueIdentifier>{4FC737F1-C7A5-4376-A066-2A32D752A2FF}</UniqueIdentifier>
      <Extensions>cpp;c;cc;cxx;def;odl;idl;hpj;bat;asm;asmx</Extensions>
    </Filter>
    <Filter Include="MGE Source files\mge">
      <UniqueIdentifier>{5808a1e3-17c6-41a4-bf66-b872468a8c7c}</UniqueIdentifier>
    </Filter>
    <Filter Include="MGE Source files\mge\behaviours">
      <UniqueIdentifier>{62606aaf-8ae3-4195-9a83-22a2c9d20af1}</UniqueIdentifier>
    </Filter>
    <Filter Include="MGE Source files\mge\core">
      <UniqueIdentifier>{4394d90a-ffa0-485d-98ea-1e91842edda6}</UniqueIdentifier>
    </Filter>
    <Filter Include="MGE Source files\mge\materials">
      <UniqueIdentifier>{88a48024-4c44-40c0-a658-f27957d6b003}</UniqueIdentifier>
    </Filter>
    <Filter Include="MGE Source files\mge\util">
      <UniqueIdentifier>{7d824c34-4bb6-43a4-a48a-0d68b7aad6e5}</UniqueIdentifier>
    </Filter>
    <Filter Include="Assets">
      <UniqueIdentifier>{36e30793-4346-4eea-997d-1723b2b6d268}</UniqueIdentifier>
    </Filter>
    <Filter Include="Assets\mge">
      <UniqueIdentifier>{cf911d09-1c0c-4fec-943d-ac83db054148}</UniqueIdentifier>
    </Filter>
    <Filter Include="Assets\mge\shaders">
      <UniqueIdentifier>{9fd3c986-734d-4d83-9b35-3e914a4e8127}</UniqueIdentifier>
    </Filter>
    <Filter Include="MGE Source files\mge\managers">
      <UniqueIdentifier>{0354e383-5e59-4f7e-bd6e-b01182ae9f23}</UniqueIdentifier>
    </Filter>
    <Filter Include="MGE Source files\mge\player">
      <UniqueIdentifier>{8c674ef2-a6b6-4775-b767-51f9e80fe1f7}</UniqueIdentifier>
    </Filter>
    <Filter Include="MGE Source files\mge\level">
      <UniqueIdentifier>{1dfc251d-6c8d-4d55-9be8-a21627b7d1a5}</UniqueIdentifier>
    </Filter>
    <Filter Include="MGE Source files\mge\UI">
      <UniqueIdentifier>{64c62a80-6fd2-4df6-ad72-c1f157e82ed0}</UniqueIdentifier>
    </Filter>
    <Filter Include="MGE Source files\mge\eventSystem">
      <UniqueIdentifier>{e22418e4-5e89-4f8f-91b0-5b31e79e7887}</UniqueIdentifier>
    </Filter>
  </ItemGroup>
  <ItemGroup>
    <ClInclude Include="..\src\glm.hpp">
      <Filter>MGE Source files</Filter>
    </ClInclude>
    <ClInclude Include="..\src\mge\behaviours\AbstractBehaviour.hpp">
      <Filter>MGE Source files\mge\behaviours</Filter>
    </ClInclude>
    <ClInclude Include="..\src\mge\core\AbstractGame.hpp">
      <Filter>MGE Source files\mge\core</Filter>
    </ClInclude>
    <ClInclude Include="..\src\mge\materials\AbstractMaterial.hpp">
      <Filter>MGE Source files\mge\materials</Filter>
    </ClInclude>
    <ClInclude Include="..\src\mge\core\Camera.hpp">
      <Filter>MGE Source files\mge\core</Filter>
    </ClInclude>
    <ClInclude Include="..\src\mge\materials\ColorMaterial.hpp">
      <Filter>MGE Source files\mge\materials</Filter>
    </ClInclude>
    <ClInclude Include="..\src\mge\util\DebugHud.hpp">
      <Filter>MGE Source files\mge\util</Filter>
    </ClInclude>
    <ClInclude Include="..\src\mge\core\GameObject.hpp">
      <Filter>MGE Source files\mge\core</Filter>
    </ClInclude>
    <ClInclude Include="..\src\mge\behaviours\KeysBehaviour.hpp">
      <Filter>MGE Source files\mge\behaviours</Filter>
    </ClInclude>
    <ClInclude Include="..\src\mge\core\Mesh.hpp">
      <Filter>MGE Source files\mge\core</Filter>
    </ClInclude>
    <ClInclude Include="..\src\mge\core\Renderer.hpp">
      <Filter>MGE Source files\mge\core</Filter>
    </ClInclude>
    <ClInclude Include="..\src\mge\core\ShaderProgram.hpp">
      <Filter>MGE Source files\mge\core</Filter>
    </ClInclude>
    <ClInclude Include="..\src\mge\core\Texture.hpp">
      <Filter>MGE Source files\mge\core</Filter>
    </ClInclude>
    <ClInclude Include="..\src\mge\core\World.hpp">
      <Filter>MGE Source files\mge\core</Filter>
    </ClInclude>
    <ClInclude Include="..\src\mge\behaviours\RotatingBehaviour.hpp">
      <Filter>MGE Source files\mge\behaviours</Filter>
    </ClInclude>
    <ClInclude Include="..\src\mge\materials\TextureMaterial.hpp">
      <Filter>MGE Source files\mge\materials</Filter>
    </ClInclude>
    <ClInclude Include="..\src\mge\MGEDemo.hpp">
      <Filter>MGE Source files\mge</Filter>
    </ClInclude>
    <ClInclude Include="..\src\mge\config.hpp">
      <Filter>MGE Source files\mge</Filter>
    </ClInclude>
    <ClInclude Include="..\src\mge\core\Light.hpp">
      <Filter>MGE Source files\mge\core</Filter>
    </ClInclude>
    <ClInclude Include="..\src\ShaderUtil.h">
      <Filter>MGE Source files</Filter>
    </ClInclude>
    <ClInclude Include="..\src\mge\behaviours\CameraOrbitBehaviour.h">
      <Filter>MGE Source files\mge\behaviours</Filter>
    </ClInclude>
    <ClInclude Include="..\src\mge\materials\WobblingMaterial.h">
      <Filter>MGE Source files\mge\materials</Filter>
    </ClInclude>
    <ClInclude Include="..\src\mge\materials\LitMaterial.h">
      <Filter>MGE Source files\mge\materials</Filter>
    </ClInclude>
    <ClInclude Include="..\src\mge\behaviours\LightControlBehaviour.hpp">
      <Filter>MGE Source files\mge\behaviours</Filter>
    </ClInclude>
    <ClInclude Include="..\src\mge\materials\TerrainMaterial.h">
      <Filter>MGE Source files\mge\materials</Filter>
    </ClInclude>
    <ClInclude Include="..\src\mge\behaviours\GridMovementBehavior.hpp">
      <Filter>MGE Source files\mge\behaviours</Filter>
    </ClInclude>
    <ClInclude Include="..\src\mge\player\Pawn.hpp">
      <Filter>MGE Source files\mge\player</Filter>
    </ClInclude>
    <ClInclude Include="..\src\mge\util\tinyxml2.h">
      <Filter>MGE Source files\mge\util</Filter>
    </ClInclude>
    <ClInclude Include="..\src\mge\behaviours\PlayfieldFocusBehaviour.h">
      <Filter>MGE Source files\mge\behaviours</Filter>
    </ClInclude>
    <ClInclude Include="..\src\mge\tileProp.hpp">
      <Filter>MGE Source files\mge</Filter>
    </ClInclude>
    <ClInclude Include="..\src\mge\level\Scene.h">
      <Filter>MGE Source files\mge\level</Filter>
    </ClInclude>
    <ClInclude Include="..\src\mge\level\PressurePlate.h">
      <Filter>MGE Source files\mge\level</Filter>
    </ClInclude>
    <ClInclude Include="..\src\mge\level\ActivatableTile.h">
      <Filter>MGE Source files\mge\level</Filter>
    </ClInclude>
    <ClInclude Include="..\src\mge\level\SpawnTile.h">
      <Filter>MGE Source files\mge\level</Filter>
    </ClInclude>
    <ClInclude Include="..\src\mge\level\DestinationTile.h">
      <Filter>MGE Source files\mge\level</Filter>
    </ClInclude>
    <ClInclude Include="..\src\mge\level\SpecialTile.h">
      <Filter>MGE Source files\mge\level</Filter>
    </ClInclude>
    <ClInclude Include="..\src\mge\managers\SceneManager.h">
      <Filter>MGE Source files\mge\managers</Filter>
    </ClInclude>
    <ClInclude Include="..\src\mge\eventSystem\SystemEventDispatcher.hpp">
      <Filter>MGE Source files\mge\eventSystem</Filter>
    </ClInclude>
    <ClInclude Include="..\src\mge\eventSystem\SystemEventListener.hpp">
      <Filter>MGE Source files\mge\eventSystem</Filter>
    </ClInclude>
    <ClInclude Include="..\src\mge\UI\Menu.h">
      <Filter>MGE Source files\mge\UI</Filter>
    </ClInclude>
    <ClInclude Include="..\src\mge\managers\ModelManager.h">
      <Filter>MGE Source files\mge\managers</Filter>
    </ClInclude>
    <ClInclude Include="..\src\mge\UI\UiContainer.h">
      <Filter>MGE Source files\mge\UI</Filter>
    </ClInclude>
    <ClInclude Include="..\src\mge\materials\ScrollingMaterial.hpp">
      <Filter>MGE Source files\mge\materials</Filter>
    </ClInclude>
    <ClInclude Include="..\src\mge\managers\InputManager.h">
      <Filter>MGE Source files\mge\managers</Filter>
    </ClInclude>
  </ItemGroup>
  <ItemGroup>
    <ClCompile Include="..\src\main.cpp">
      <Filter>MGE Source files</Filter>
    </ClCompile>
    <ClCompile Include="..\src\mge\behaviours\AbstractBehaviour.cpp">
      <Filter>MGE Source files\mge\behaviours</Filter>
    </ClCompile>
    <ClCompile Include="..\src\mge\core\AbstractGame.cpp">
      <Filter>MGE Source files\mge\core</Filter>
    </ClCompile>
    <ClCompile Include="..\src\mge\materials\AbstractMaterial.cpp">
      <Filter>MGE Source files\mge\materials</Filter>
    </ClCompile>
    <ClCompile Include="..\src\mge\core\Camera.cpp">
      <Filter>MGE Source files\mge\core</Filter>
    </ClCompile>
    <ClCompile Include="..\src\mge\materials\ColorMaterial.cpp">
      <Filter>MGE Source files\mge\materials</Filter>
    </ClCompile>
    <ClCompile Include="..\src\mge\util\DebugHud.cpp">
      <Filter>MGE Source files\mge\util</Filter>
    </ClCompile>
    <ClCompile Include="..\src\mge\core\GameObject.cpp">
      <Filter>MGE Source files\mge\core</Filter>
    </ClCompile>
    <ClCompile Include="..\src\mge\behaviours\KeysBehaviour.cpp">
      <Filter>MGE Source files\mge\behaviours</Filter>
    </ClCompile>
    <ClCompile Include="..\src\mge\core\Mesh.cpp">
      <Filter>MGE Source files\mge\core</Filter>
    </ClCompile>
    <ClCompile Include="..\src\mge\core\Renderer.cpp">
      <Filter>MGE Source files\mge\core</Filter>
    </ClCompile>
    <ClCompile Include="..\src\mge\core\ShaderProgram.cpp">
      <Filter>MGE Source files\mge\core</Filter>
    </ClCompile>
    <ClCompile Include="..\src\mge\core\Texture.cpp">
      <Filter>MGE Source files\mge\core</Filter>
    </ClCompile>
    <ClCompile Include="..\src\mge\core\World.cpp">
      <Filter>MGE Source files\mge\core</Filter>
    </ClCompile>
    <ClCompile Include="..\src\mge\behaviours\RotatingBehaviour.cpp">
      <Filter>MGE Source files\mge\behaviours</Filter>
    </ClCompile>
    <ClCompile Include="..\src\mge\materials\TextureMaterial.cpp">
      <Filter>MGE Source files\mge\materials</Filter>
    </ClCompile>
    <ClCompile Include="..\src\mge\MGEDemo.cpp">
      <Filter>MGE Source files\mge</Filter>
    </ClCompile>
    <ClCompile Include="..\src\mge\core\Light.cpp">
      <Filter>MGE Source files\mge\core</Filter>
    </ClCompile>
    <ClCompile Include="..\src\ShaderUtil.cpp">
      <Filter>MGE Source files</Filter>
    </ClCompile>
    <ClCompile Include="..\src\mge\behaviours\CameraOrbitBehaviour.cpp">
      <Filter>MGE Source files\mge\behaviours</Filter>
    </ClCompile>
    <ClCompile Include="..\src\mge\materials\WobblingMaterial.cpp">
      <Filter>MGE Source files\mge\materials</Filter>
    </ClCompile>
    <ClCompile Include="..\src\mge\materials\LitMaterial.cpp">
      <Filter>MGE Source files\mge\materials</Filter>
    </ClCompile>
    <ClCompile Include="..\src\mge\behaviours\LightControlBehaviour.cpp">
      <Filter>MGE Source files\mge\behaviours</Filter>
    </ClCompile>
    <ClCompile Include="..\src\mge\materials\TerrainMaterial.cpp">
      <Filter>MGE Source files\mge\materials</Filter>
    </ClCompile>
    <ClCompile Include="..\src\mge\behaviours\GridMovementBehavior.cpp">
      <Filter>MGE Source files\mge\behaviours</Filter>
    </ClCompile>
    <ClCompile Include="..\src\mge\player\Pawn.cpp">
      <Filter>MGE Source files\mge\player</Filter>
    </ClCompile>
    <ClCompile Include="..\src\mge\util\tinyxml2.cpp">
      <Filter>MGE Source files\mge\util</Filter>
    </ClCompile>
    <ClCompile Include="..\src\mge\behaviours\PlayfieldFocusBehaviour.cpp">
      <Filter>MGE Source files\mge\behaviours</Filter>
    </ClCompile>
    <ClCompile Include="..\src\mge\level\Scene.cpp">
      <Filter>MGE Source files\mge\level</Filter>
    </ClCompile>
    <ClCompile Include="..\src\mge\level\PressurePlate.cpp">
      <Filter>MGE Source files\mge\level</Filter>
    </ClCompile>
    <ClCompile Include="..\src\mge\level\ActivatableTile.cpp">
      <Filter>MGE Source files\mge\level</Filter>
    </ClCompile>
    <ClCompile Include="..\src\mge\level\SpecialTile.cpp">
      <Filter>MGE Source files\mge\level</Filter>
    </ClCompile>
    <ClCompile Include="..\src\mge\level\SpawnTile.cpp">
      <Filter>MGE Source files\mge\level</Filter>
    </ClCompile>
    <ClCompile Include="..\src\mge\level\DestinationTile.cpp">
      <Filter>MGE Source files\mge\level</Filter>
    </ClCompile>
    <ClCompile Include="..\src\mge\managers\SceneManager.cpp">
      <Filter>MGE Source files\mge\managers</Filter>
    </ClCompile>
    <ClCompile Include="..\src\mge\eventSystem\SystemEventDispatcher.cpp">
      <Filter>MGE Source files\mge\eventSystem</Filter>
    </ClCompile>
    <ClCompile Include="..\src\mge\eventSystem\SystemEventListener.cpp">
      <Filter>MGE Source files\mge\eventSystem</Filter>
    </ClCompile>
    <ClCompile Include="..\src\mge\UI\Menu.cpp">
      <Filter>MGE Source files\mge\UI</Filter>
    </ClCompile>
    <ClCompile Include="..\src\mge\managers\ModelManager.cpp">
      <Filter>MGE Source files\mge\managers</Filter>
    </ClCompile>
    <ClCompile Include="..\src\mge\UI\UiContainer.cpp">
      <Filter>MGE Source files\mge\UI</Filter>
    </ClCompile>
    <ClCompile Include="..\src\mge\materials\ScrollingMaterial.cpp">
      <Filter>MGE Source files\mge\materials</Filter>
    </ClCompile>
    <ClCompile Include="..\src\mge\managers\InputManager.cpp">
      <Filter>MGE Source files\mge\managers</Filter>
    </ClCompile>
  </ItemGroup>
  <ItemGroup>
    <None Include="..\assets\mge\shaders\color.fs">
      <Filter>Assets\mge\shaders</Filter>
    </None>
    <None Include="..\assets\mge\shaders\color.vs">
      <Filter>Assets\mge\shaders</Filter>
    </None>
    <None Include="..\assets\mge\shaders\texture.fs">
      <Filter>Assets\mge\shaders</Filter>
    </None>
    <None Include="..\assets\mge\shaders\texture.vs">
      <Filter>Assets\mge\shaders</Filter>
    </None>
    <None Include="..\assets\mge\shaders\wobbling.fs">
      <Filter>Assets\mge\shaders</Filter>
    </None>
    <None Include="..\assets\mge\shaders\wobbling.vs">
      <Filter>Assets\mge\shaders</Filter>
    </None>
    <None Include="..\assets\mge\shaders\lit.fs">
      <Filter>Assets\mge\shaders</Filter>
    </None>
    <None Include="..\assets\mge\shaders\lit.vs">
      <Filter>Assets\mge\shaders</Filter>
    </None>
    <None Include="..\assets\mge\shaders\terrain.fs">
      <Filter>Assets\mge\shaders</Filter>
    </None>
    <None Include="..\assets\mge\shaders\terrain.vs">
      <Filter>Assets\mge\shaders</Filter>
    </None>
    <None Include="packages.config" />
    <None Include="..\assets\mge\shaders\scrolling.fs">
      <Filter>Assets\mge\shaders</Filter>
    </None>
    <None Include="..\assets\mge\shaders\scrolling.vs">
      <Filter>Assets\mge\shaders</Filter>
    </None>
  </ItemGroup>
</Project>